
Microsoft Visual Studio Solution File, Format Version 12.00
# Visual Studio 2012
Project("{FAE04EC0-301F-11D3-BF4B-00C04F79EFBC}") = "strong", "strong\strong.csproj", "{DD00506A-CA3B-4A4C-AAC3-631C63AC4A75}"
EndProject
Global
	GlobalSection(SolutionConfigurationPlatforms) = preSolution
		Debug|Any CPU = Debug|Any CPU
		Release|Any CPU = Release|Any CPU
	EndGlobalSection
	GlobalSection(ProjectConfigurationPlatforms) = postSolution
		{DD00506A-CA3B-4A4C-AAC3-631C63AC4A75}.Debug|Any CPU.ActiveCfg = Debug|Any CPU
		{DD00506A-CA3B-4A4C-AAC3-631C63AC4A75}.Debug|Any CPU.Build.0 = Debug|Any CPU
		{DD00506A-CA3B-4A4C-AAC3-631C63AC4A75}.Release|Any CPU.ActiveCfg = Release|Any CPU
		{DD00506A-CA3B-4A4C-AAC3-631C63AC4A75}.Release|Any CPU.Build.0 = Release|Any CPU
	EndGlobalSection
	GlobalSection(SolutionProperties) = preSolution
		HideSolutionNode = FALSE
	EndGlobalSection
EndGlobal
